
Microsoft Visual Studio Solution File, Format Version 12.00
# Visual Studio 15
VisualStudioVersion = 15.0.26730.3
MinimumVisualStudioVersion = 10.0.40219.1
Project("{FAE04EC0-301F-11D3-BF4B-00C04F79EFBC}") = "iTemp Desktop", "iTemp Desktop\iTemp Desktop.csproj", "{2E588D8C-36D8-4E36-9D84-E6F1705296DD}"
EndProject
Global
	GlobalSection(SolutionConfigurationPlatforms) = preSolution
		Debug|Any CPU = Debug|Any CPU
		Release|Any CPU = Release|Any CPU
	EndGlobalSection
	GlobalSection(ProjectConfigurationPlatforms) = postSolution
		{2E588D8C-36D8-4E36-9D84-E6F1705296DD}.Debug|Any CPU.ActiveCfg = Debug|Any CPU
		{2E588D8C-36D8-4E36-9D84-E6F1705296DD}.Debug|Any CPU.Build.0 = Debug|Any CPU
		{2E588D8C-36D8-4E36-9D84-E6F1705296DD}.Release|Any CPU.ActiveCfg = Release|Any CPU
		{2E588D8C-36D8-4E36-9D84-E6F1705296DD}.Release|Any CPU.Build.0 = Release|Any CPU
	EndGlobalSection
	GlobalSection(SolutionProperties) = preSolution
		HideSolutionNode = FALSE
	EndGlobalSection
	GlobalSection(ExtensibilityGlobals) = postSolution
		SolutionGuid = {82994830-8792-4F8E-8BF2-D101E9DF8165}
	EndGlobalSection
EndGlobal
